
Microsoft Visual Studio Solution File, Format Version 12.00
# Visual Studio Version 17
VisualStudioVersion = 17.3.32929.385
MinimumVisualStudioVersion = 10.0.40219.1
Project("{FAE04EC0-301F-11D3-BF4B-00C04F79EFBC}") = "appoinment", "appoinment\appoinment.csproj", "{B74488FF-B571-4AB5-BF42-3568560C38BF}"
EndProject
Global
	GlobalSection(SolutionConfigurationPlatforms) = preSolution
		Debug|Any CPU = Debug|Any CPU
		Release|Any CPU = Release|Any CPU
	EndGlobalSection
	GlobalSection(ProjectConfigurationPlatforms) = postSolution
		{B74488FF-B571-4AB5-BF42-3568560C38BF}.Debug|Any CPU.ActiveCfg = Debug|Any CPU
		{B74488FF-B571-4AB5-BF42-3568560C38BF}.Debug|Any CPU.Build.0 = Debug|Any CPU
		{B74488FF-B571-4AB5-BF42-3568560C38BF}.Release|Any CPU.ActiveCfg = Release|Any CPU
		{B74488FF-B571-4AB5-BF42-3568560C38BF}.Release|Any CPU.Build.0 = Release|Any CPU
	EndGlobalSection
	GlobalSection(SolutionProperties) = preSolution
		HideSolutionNode = FALSE
	EndGlobalSection
	GlobalSection(ExtensibilityGlobals) = postSolution
		SolutionGuid = {12CDF8E4-475A-4613-A821-3CFA50C0306C}
	EndGlobalSection
EndGlobal
