
Microsoft Visual Studio Solution File, Format Version 12.00
# Visual Studio Version 17
VisualStudioVersion = 17.6.33815.320
MinimumVisualStudioVersion = 10.0.40219.1
Project("{FAE04EC0-301F-11D3-BF4B-00C04F79EFBC}") = "Final_System", "Final_System.csproj", "{B1DF9840-9702-45D8-89ED-B74887C4D5D2}"
EndProject
Global
	GlobalSection(SolutionConfigurationPlatforms) = preSolution
		Debug|Any CPU = Debug|Any CPU
		Release|Any CPU = Release|Any CPU
	EndGlobalSection
	GlobalSection(ProjectConfigurationPlatforms) = postSolution
		{B1DF9840-9702-45D8-89ED-B74887C4D5D2}.Debug|Any CPU.ActiveCfg = Debug|Any CPU
		{B1DF9840-9702-45D8-89ED-B74887C4D5D2}.Debug|Any CPU.Build.0 = Debug|Any CPU
		{B1DF9840-9702-45D8-89ED-B74887C4D5D2}.Release|Any CPU.ActiveCfg = Release|Any CPU
		{B1DF9840-9702-45D8-89ED-B74887C4D5D2}.Release|Any CPU.Build.0 = Release|Any CPU
	EndGlobalSection
	GlobalSection(SolutionProperties) = preSolution
		HideSolutionNode = FALSE
	EndGlobalSection
	GlobalSection(ExtensibilityGlobals) = postSolution
		SolutionGuid = {5DE4B4A7-64DA-4044-AA69-78E5669EA73C}
	EndGlobalSection
EndGlobal
